
Microsoft Visual Studio Solution File, Format Version 12.00
# Visual Studio Version 17
VisualStudioVersion = 17.11.35303.130
MinimumVisualStudioVersion = 10.0.40219.1
Project("{FAE04EC0-301F-11D3-BF4B-00C04F79EFBC}") = "TailwindPlayRemover", "TailwindPlayRemover\TailwindPlayRemover.csproj", "{557A01C6-AA23-4910-B3F5-88F98EA04051}"
EndProject
Global
	GlobalSection(SolutionConfigurationPlatforms) = preSolution
		Debug|Any CPU = Debug|Any CPU
		Release|Any CPU = Release|Any CPU
	EndGlobalSection
	GlobalSection(ProjectConfigurationPlatforms) = postSolution
		{557A01C6-AA23-4910-B3F5-88F98EA04051}.Debug|Any CPU.ActiveCfg = Debug|Any CPU
		{557A01C6-AA23-4910-B3F5-88F98EA04051}.Debug|Any CPU.Build.0 = Debug|Any CPU
		{557A01C6-AA23-4910-B3F5-88F98EA04051}.Release|Any CPU.ActiveCfg = Release|Any CPU
		{557A01C6-AA23-4910-B3F5-88F98EA04051}.Release|Any CPU.Build.0 = Release|Any CPU
	EndGlobalSection
	GlobalSection(SolutionProperties) = preSolution
		HideSolutionNode = FALSE
	EndGlobalSection
	GlobalSection(ExtensibilityGlobals) = postSolution
		SolutionGuid = {DA6B5374-8095-4A83-B279-922F77592379}
	EndGlobalSection
EndGlobal
